
Microsoft Visual Studio Solution File, Format Version 12.00
# Visual Studio 11
Project("{FAE04EC0-301F-11D3-BF4B-00C04F79EFBC}") = "LocalAngle.2010", "Source\Code\LocalAngle\LocalAngle.2010.csproj", "{7EE2A1B6-B5CE-461E-A390-E269A537B293}"
EndProject
Global
	GlobalSection(TeamFoundationVersionControl) = preSolution
		SccEnterpriseProvider = {4CA58AB2-18FA-4F8D-95D4-32DDF27D184C}
		SccLocalPath0 = .
		SccLocalPath1 = Source\\Code\\LocalAngle
		SccNumberOfProjects = 2
		SccProjectName1 = Source/Code/LocalAngle
		SccProjectUniqueName1 = Source\\Code\\LocalAngle\\LocalAngle.2010.csproj
		SccTeamFoundationServer = https://tfs.codeplex.com/tfs/tfs23
	EndGlobalSection
	GlobalSection(SolutionConfigurationPlatforms) = preSolution
		Debug|Any CPU = Debug|Any CPU
		Release|Any CPU = Release|Any CPU
	EndGlobalSection
	GlobalSection(ProjectConfigurationPlatforms) = postSolution
		{7EE2A1B6-B5CE-461E-A390-E269A537B293}.Debug|Any CPU.ActiveCfg = Debug|Any CPU
		{7EE2A1B6-B5CE-461E-A390-E269A537B293}.Debug|Any CPU.Build.0 = Debug|Any CPU
		{7EE2A1B6-B5CE-461E-A390-E269A537B293}.Release|Any CPU.ActiveCfg = Release|Any CPU
		{7EE2A1B6-B5CE-461E-A390-E269A537B293}.Release|Any CPU.Build.0 = Release|Any CPU
	EndGlobalSection
	GlobalSection(SolutionProperties) = preSolution
		HideSolutionNode = FALSE
	EndGlobalSection
EndGlobal
